
Microsoft Visual Studio Solution File, Format Version 12.00
# Visual Studio 15
VisualStudioVersion = 15.0.27703.2000
MinimumVisualStudioVersion = 10.0.40219.1
Project("{FAE04EC0-301F-11D3-BF4B-00C04F79EFBC}") = "frutapp", "frutapp\frutapp.csproj", "{B0724C5E-13AB-437F-8E7B-501C5E263C1A}"
EndProject
Global
	GlobalSection(SolutionConfigurationPlatforms) = preSolution
		Debug|Any CPU = Debug|Any CPU
		Release|Any CPU = Release|Any CPU
	EndGlobalSection
	GlobalSection(ProjectConfigurationPlatforms) = postSolution
		{B0724C5E-13AB-437F-8E7B-501C5E263C1A}.Debug|Any CPU.ActiveCfg = Debug|Any CPU
		{B0724C5E-13AB-437F-8E7B-501C5E263C1A}.Debug|Any CPU.Build.0 = Debug|Any CPU
		{B0724C5E-13AB-437F-8E7B-501C5E263C1A}.Debug|Any CPU.Deploy.0 = Debug|Any CPU
		{B0724C5E-13AB-437F-8E7B-501C5E263C1A}.Release|Any CPU.ActiveCfg = Release|Any CPU
		{B0724C5E-13AB-437F-8E7B-501C5E263C1A}.Release|Any CPU.Build.0 = Release|Any CPU
		{B0724C5E-13AB-437F-8E7B-501C5E263C1A}.Release|Any CPU.Deploy.0 = Release|Any CPU
	EndGlobalSection
	GlobalSection(SolutionProperties) = preSolution
		HideSolutionNode = FALSE
	EndGlobalSection
	GlobalSection(ExtensibilityGlobals) = postSolution
		SolutionGuid = {C2A0C280-213E-4555-BB88-20DF76664763}
	EndGlobalSection
EndGlobal
